
Microsoft Visual Studio Solution File, Format Version 12.00
# Visual Studio Version 17
VisualStudioVersion = 17.11.35303.130
MinimumVisualStudioVersion = 10.0.40219.1
Project("{FAE04EC0-301F-11D3-BF4B-00C04F79EFBC}") = "CoffeShop.PointOfSale.EntityFramework", "CoffeShop.PointOfSale.EntityFramework\CoffeShop.PointOfSale.EntityFramework.csproj", "{D3511097-9A23-4426-AC25-CBFF2A18C41B}"
EndProject
Global
	GlobalSection(SolutionConfigurationPlatforms) = preSolution
		Debug|Any CPU = Debug|Any CPU
		Release|Any CPU = Release|Any CPU
	EndGlobalSection
	GlobalSection(ProjectConfigurationPlatforms) = postSolution
		{D3511097-9A23-4426-AC25-CBFF2A18C41B}.Debug|Any CPU.ActiveCfg = Debug|Any CPU
		{D3511097-9A23-4426-AC25-CBFF2A18C41B}.Debug|Any CPU.Build.0 = Debug|Any CPU
		{D3511097-9A23-4426-AC25-CBFF2A18C41B}.Release|Any CPU.ActiveCfg = Release|Any CPU
		{D3511097-9A23-4426-AC25-CBFF2A18C41B}.Release|Any CPU.Build.0 = Release|Any CPU
	EndGlobalSection
	GlobalSection(SolutionProperties) = preSolution
		HideSolutionNode = FALSE
	EndGlobalSection
	GlobalSection(ExtensibilityGlobals) = postSolution
		SolutionGuid = {7D7008C1-AD3D-4C0A-8D7D-E4268FB9E8C8}
	EndGlobalSection
EndGlobal
